
Microsoft Visual Studio Solution File, Format Version 12.00
# Visual Studio Version 17
VisualStudioVersion = 17.5.33530.505
MinimumVisualStudioVersion = 10.0.40219.1
Project("{9A19103F-16F7-4668-BE54-9A1E7A4F7556}") = "Heaven Resorts_Server", "Heaven Resorts_Server\Heaven Resorts_Server.csproj", "{E28072BE-126E-458A-9193-D24C7E67C16B}"
EndProject
Project("{9A19103F-16F7-4668-BE54-9A1E7A4F7556}") = "Models", "Models\Models.csproj", "{A85C363A-9D46-49A1-8C72-AA3386F24ADB}"
EndProject
Project("{9A19103F-16F7-4668-BE54-9A1E7A4F7556}") = "Business", "Bussines\Business.csproj", "{3BE65E29-8916-4A57-9A1A-3E5E2E20E10F}"
EndProject
Project("{9A19103F-16F7-4668-BE54-9A1E7A4F7556}") = "Common", "Common\Common.csproj", "{E12397C0-3E16-4D5E-9AEF-DACC24A1F680}"
EndProject
Project("{9A19103F-16F7-4668-BE54-9A1E7A4F7556}") = "DataAccess", "DataAccess\DataAccess.csproj", "{6FE73BFA-5165-427D-B70B-1B3DD1E9005C}"
EndProject
Project("{FAE04EC0-301F-11D3-BF4B-00C04F79EFBC}") = "Heaven Resorts_Api", "Heaven Resorts_Api\Heaven Resorts_Api.csproj", "{DCA212D9-DF76-485B-91E6-92BA21EED82E}"
EndProject
Project("{FAE04EC0-301F-11D3-BF4B-00C04F79EFBC}") = "Heaven Resorts_Client", "Heaven Resorts_Client\Heaven Resorts_Client.csproj", "{506A289C-C40F-40D6-AF37-DC29ECE87BEF}"
EndProject
Global
	GlobalSection(SolutionConfigurationPlatforms) = preSolution
		Debug|Any CPU = Debug|Any CPU
		Release|Any CPU = Release|Any CPU
	EndGlobalSection
	GlobalSection(ProjectConfigurationPlatforms) = postSolution
		{E28072BE-126E-458A-9193-D24C7E67C16B}.Debug|Any CPU.ActiveCfg = Debug|Any CPU
		{E28072BE-126E-458A-9193-D24C7E67C16B}.Debug|Any CPU.Build.0 = Debug|Any CPU
		{E28072BE-126E-458A-9193-D24C7E67C16B}.Release|Any CPU.ActiveCfg = Release|Any CPU
		{E28072BE-126E-458A-9193-D24C7E67C16B}.Release|Any CPU.Build.0 = Release|Any CPU
		{A85C363A-9D46-49A1-8C72-AA3386F24ADB}.Debug|Any CPU.ActiveCfg = Debug|Any CPU
		{A85C363A-9D46-49A1-8C72-AA3386F24ADB}.Debug|Any CPU.Build.0 = Debug|Any CPU
		{A85C363A-9D46-49A1-8C72-AA3386F24ADB}.Release|Any CPU.ActiveCfg = Release|Any CPU
		{A85C363A-9D46-49A1-8C72-AA3386F24ADB}.Release|Any CPU.Build.0 = Release|Any CPU
		{3BE65E29-8916-4A57-9A1A-3E5E2E20E10F}.Debug|Any CPU.ActiveCfg = Debug|Any CPU
		{3BE65E29-8916-4A57-9A1A-3E5E2E20E10F}.Debug|Any CPU.Build.0 = Debug|Any CPU
		{3BE65E29-8916-4A57-9A1A-3E5E2E20E10F}.Release|Any CPU.ActiveCfg = Release|Any CPU
		{3BE65E29-8916-4A57-9A1A-3E5E2E20E10F}.Release|Any CPU.Build.0 = Release|Any CPU
		{E12397C0-3E16-4D5E-9AEF-DACC24A1F680}.Debug|Any CPU.ActiveCfg = Debug|Any CPU
		{E12397C0-3E16-4D5E-9AEF-DACC24A1F680}.Debug|Any CPU.Build.0 = Debug|Any CPU
		{E12397C0-3E16-4D5E-9AEF-DACC24A1F680}.Release|Any CPU.ActiveCfg = Release|Any CPU
		{E12397C0-3E16-4D5E-9AEF-DACC24A1F680}.Release|Any CPU.Build.0 = Release|Any CPU
		{6FE73BFA-5165-427D-B70B-1B3DD1E9005C}.Debug|Any CPU.ActiveCfg = Debug|Any CPU
		{6FE73BFA-5165-427D-B70B-1B3DD1E9005C}.Debug|Any CPU.Build.0 = Debug|Any CPU
		{6FE73BFA-5165-427D-B70B-1B3DD1E9005C}.Release|Any CPU.ActiveCfg = Release|Any CPU
		{6FE73BFA-5165-427D-B70B-1B3DD1E9005C}.Release|Any CPU.Build.0 = Release|Any CPU
		{DCA212D9-DF76-485B-91E6-92BA21EED82E}.Debug|Any CPU.ActiveCfg = Debug|Any CPU
		{DCA212D9-DF76-485B-91E6-92BA21EED82E}.Debug|Any CPU.Build.0 = Debug|Any CPU
		{DCA212D9-DF76-485B-91E6-92BA21EED82E}.Release|Any CPU.ActiveCfg = Release|Any CPU
		{DCA212D9-DF76-485B-91E6-92BA21EED82E}.Release|Any CPU.Build.0 = Release|Any CPU
		{506A289C-C40F-40D6-AF37-DC29ECE87BEF}.Debug|Any CPU.ActiveCfg = Debug|Any CPU
		{506A289C-C40F-40D6-AF37-DC29ECE87BEF}.Debug|Any CPU.Build.0 = Debug|Any CPU
		{506A289C-C40F-40D6-AF37-DC29ECE87BEF}.Release|Any CPU.ActiveCfg = Release|Any CPU
		{506A289C-C40F-40D6-AF37-DC29ECE87BEF}.Release|Any CPU.Build.0 = Release|Any CPU
	EndGlobalSection
	GlobalSection(SolutionProperties) = preSolution
		HideSolutionNode = FALSE
	EndGlobalSection
	GlobalSection(ExtensibilityGlobals) = postSolution
		SolutionGuid = {987E6185-7811-426A-B9C5-E47104269565}
	EndGlobalSection
EndGlobal
